
Microsoft Visual Studio Solution File, Format Version 12.00
# Visual Studio Version 17
VisualStudioVersion = 17.6.33801.468
MinimumVisualStudioVersion = 10.0.40219.1
Project("{FAE04EC0-301F-11D3-BF4B-00C04F79EFBC}") = "bthrm.client", "bthrm.client\bthrm.client.csproj", "{7D68145E-C772-472D-AA8B-FCC8013C50E4}"
EndProject
Project("{FAE04EC0-301F-11D3-BF4B-00C04F79EFBC}") = "bthrm.server", "bthrm.server\bthrm.server.csproj", "{FBEAAF49-29CA-463B-9D2F-AED85F2FE445}"
EndProject
Project("{FAE04EC0-301F-11D3-BF4B-00C04F79EFBC}") = "bthrm.core", "bthrm.core\bthrm.core.csproj", "{378FCE23-AE0B-471F-8E71-4FEB91ABB827}"
EndProject
Global
	GlobalSection(SolutionConfigurationPlatforms) = preSolution
		Debug|Any CPU = Debug|Any CPU
		Release|Any CPU = Release|Any CPU
	EndGlobalSection
	GlobalSection(ProjectConfigurationPlatforms) = postSolution
		{7D68145E-C772-472D-AA8B-FCC8013C50E4}.Debug|Any CPU.ActiveCfg = Debug|Any CPU
		{7D68145E-C772-472D-AA8B-FCC8013C50E4}.Debug|Any CPU.Build.0 = Debug|Any CPU
		{7D68145E-C772-472D-AA8B-FCC8013C50E4}.Release|Any CPU.ActiveCfg = Release|Any CPU
		{7D68145E-C772-472D-AA8B-FCC8013C50E4}.Release|Any CPU.Build.0 = Release|Any CPU
		{FBEAAF49-29CA-463B-9D2F-AED85F2FE445}.Debug|Any CPU.ActiveCfg = Debug|Any CPU
		{FBEAAF49-29CA-463B-9D2F-AED85F2FE445}.Debug|Any CPU.Build.0 = Debug|Any CPU
		{FBEAAF49-29CA-463B-9D2F-AED85F2FE445}.Release|Any CPU.ActiveCfg = Release|Any CPU
		{FBEAAF49-29CA-463B-9D2F-AED85F2FE445}.Release|Any CPU.Build.0 = Release|Any CPU
		{378FCE23-AE0B-471F-8E71-4FEB91ABB827}.Debug|Any CPU.ActiveCfg = Debug|Any CPU
		{378FCE23-AE0B-471F-8E71-4FEB91ABB827}.Debug|Any CPU.Build.0 = Debug|Any CPU
		{378FCE23-AE0B-471F-8E71-4FEB91ABB827}.Release|Any CPU.ActiveCfg = Release|Any CPU
		{378FCE23-AE0B-471F-8E71-4FEB91ABB827}.Release|Any CPU.Build.0 = Release|Any CPU
	EndGlobalSection
	GlobalSection(SolutionProperties) = preSolution
		HideSolutionNode = FALSE
	EndGlobalSection
	GlobalSection(ExtensibilityGlobals) = postSolution
		SolutionGuid = {4C825D64-136D-45F0-B0E7-9F80AEB5490B}
	EndGlobalSection
EndGlobal
